
Microsoft Visual Studio Solution File, Format Version 12.00
# Visual Studio Version 17
VisualStudioVersion = 17.9.34723.18
MinimumVisualStudioVersion = 10.0.40219.1
Project("{FAE04EC0-301F-11D3-BF4B-00C04F79EFBC}") = "Baalhyttebooking", "Baalhyttebooking\Baalhyttebooking.csproj", "{14CE6E60-6A35-454E-BDAF-2C39683DB2C8}"
EndProject
Global
	GlobalSection(SolutionConfigurationPlatforms) = preSolution
		Debug|Any CPU = Debug|Any CPU
		Release|Any CPU = Release|Any CPU
	EndGlobalSection
	GlobalSection(ProjectConfigurationPlatforms) = postSolution
		{14CE6E60-6A35-454E-BDAF-2C39683DB2C8}.Debug|Any CPU.ActiveCfg = Debug|Any CPU
		{14CE6E60-6A35-454E-BDAF-2C39683DB2C8}.Debug|Any CPU.Build.0 = Debug|Any CPU
		{14CE6E60-6A35-454E-BDAF-2C39683DB2C8}.Release|Any CPU.ActiveCfg = Release|Any CPU
		{14CE6E60-6A35-454E-BDAF-2C39683DB2C8}.Release|Any CPU.Build.0 = Release|Any CPU
	EndGlobalSection
	GlobalSection(SolutionProperties) = preSolution
		HideSolutionNode = FALSE
	EndGlobalSection
	GlobalSection(ExtensibilityGlobals) = postSolution
		SolutionGuid = {FFDFFFCD-B4E6-4ACD-B47A-BB674034ED00}
	EndGlobalSection
EndGlobal
